
Microsoft Visual Studio Solution File, Format Version 12.00
# Visual Studio Version 17
VisualStudioVersion = 17.1.32210.238
MinimumVisualStudioVersion = 10.0.40219.1
Project("{FAE04EC0-301F-11D3-BF4B-00C04F79EFBC}") = "StokTakip", "StokTakip\StokTakip.csproj", "{893DA1AB-EC89-4C92-9F1D-7BD9DA567477}"
EndProject
Global
	GlobalSection(SolutionConfigurationPlatforms) = preSolution
		Debug|Any CPU = Debug|Any CPU
		Release|Any CPU = Release|Any CPU
	EndGlobalSection
	GlobalSection(ProjectConfigurationPlatforms) = postSolution
		{893DA1AB-EC89-4C92-9F1D-7BD9DA567477}.Debug|Any CPU.ActiveCfg = Debug|Any CPU
		{893DA1AB-EC89-4C92-9F1D-7BD9DA567477}.Debug|Any CPU.Build.0 = Debug|Any CPU
		{893DA1AB-EC89-4C92-9F1D-7BD9DA567477}.Release|Any CPU.ActiveCfg = Release|Any CPU
		{893DA1AB-EC89-4C92-9F1D-7BD9DA567477}.Release|Any CPU.Build.0 = Release|Any CPU
	EndGlobalSection
	GlobalSection(SolutionProperties) = preSolution
		HideSolutionNode = FALSE
	EndGlobalSection
	GlobalSection(ExtensibilityGlobals) = postSolution
		SolutionGuid = {CCFFD136-2E74-433E-9B73-7D01DC11CA63}
	EndGlobalSection
EndGlobal
